// !$*UTF8*$!
{
	archiveVersion = 1;
	classes = {
	};
	objectVersion = 48;
	objects = {

/* Begin PBXBuildFile section */
		DAA9051F1F7E133F00994E72 /* AppDelegate.swift in Sources */ = {isa = PBXBuildFile; fileRef = DAA9051E1F7E133F00994E72 /* AppDelegate.swift */; };
		DAA905211F7E133F00994E72 /* ViewController.swift in Sources */ = {isa = PBXBuildFile; fileRef = DAA905201F7E133F00994E72 /* ViewController.swift */; };
		DAA905241F7E133F00994E72 /* Main.storyboard in Resources */ = {isa = PBXBuildFile; fileRef = DAA905221F7E133F00994E72 /* Main.storyboard */; };
		DAA905261F7E134000994E72 /* Assets.xcassets in Resources */ = {isa = PBXBuildFile; fileRef = DAA905251F7E134000994E72 /* Assets.xcassets */; };
		DAA905291F7E134000994E72 /* LaunchScreen.storyboard in Resources */ = {isa = PBXBuildFile; fileRef = DAA905271F7E134000994E72 /* LaunchScreen.storyboard */; };
		DAA905311F7E136F00994E72 /* JoTagView.swift in Sources */ = {isa = PBXBuildFile; fileRef = DAA905301F7E136F00994E72 /* JoTagView.swift */; };
/* End PBXBuildFile section */

/* Begin PBXFileReference section */
		DAA9051B1F7E133F00994E72 /* JoTagView.app */ = {isa = PBXFileReference; explicitFileType = wrapper.application; includeInIndex = 0; path = JoTagView.app; sourceTree = BUILT_PRODUCTS_DIR; };
		DAA9051E1F7E133F00994E72 /* AppDelegate.swift */ = {isa = PBXFileReference; lastKnownFileType = sourcecode.swift; path = AppDelegate.swift; sourceTree = "<group>"; };
		DAA905201F7E133F00994E72 /* ViewController.swift */ = {isa = PBXFileReference; lastKnownFileType = sourcecode.swift; path = ViewController.swift; sourceTree = "<group>"; };
		DAA905231F7E133F00994E72 /* Base */ = {isa = PBXFileReference; lastKnownFileType = file.storyboard; name = Base; path = Base.lproj/Main.storyboard; sourceTree = "<group>"; };
		DAA905251F7E134000994E72 /* Assets.xcassets */ = {isa = PBXFileReference; lastKnownFileType = folder.assetcatalog; path = Assets.xcassets; sourceTree = "<group>"; };
		DAA905281F7E134000994E72 /* Base */ = {isa = PBXFileReference; lastKnownFileType = file.storyboard; name = Base; path = Base.lproj/LaunchScreen.storyboard; sourceTree = "<group>"; };
		DAA9052A1F7E134000994E72 /* Info.plist */ = {isa = PBXFileReference; lastKnownFileType = text.plist.xml; path = Info.plist; sourceTree = "<group>"; };
		DAA905301F7E136F00994E72 /* JoTagView.swift */ = {isa = PBXFileReference; lastKnownFileType = sourcecode.swift; path = JoTagView.swift; sourceTree = "<group>"; };
/* End PBXFileReference section */

/* Begin PBXFrameworksBuildPhase section */
		DAA905181F7E133F00994E72 /* Frameworks */ = {
			isa = PBXFrameworksBuildPhase;
			buildActionMask = 2147483647;
			files = (
			);
			runOnlyForDeploymentPostprocessing = 0;
		};
/* End PBXFrameworksBuildPhase section */

/* Begin PBXGroup section */
		DAA905121F7E133F00994E72 = {
			isa = PBXGroup;
			children = (
				DAA9051D1F7E133F00994E72 /* JoTagView */,
				DAA9051C1F7E133F00994E72 /* Products */,
			);
			sourceTree = "<group>";
		};
		DAA9051C1F7E133F00994E72 /* Products */ = {
			isa = PBXGroup;
			children = (
				DAA9051B1F7E133F00994E72 /* JoTagView.app */,
			);
			name = Products;
			sourceTree = "<group>";
		};
		DAA9051D1F7E133F00994E72 /* JoTagView */ = {
			isa = PBXGroup;
			children = (
				DAA9051E1F7E133F00994E72 /* AppDelegate.swift */,
				DAA905201F7E133F00994E72 /* ViewController.swift */,
				DAA905221F7E133F00994E72 /* Main.storyboard */,
				DAA905251F7E134000994E72 /* Assets.xcassets */,
				DAA905271F7E134000994E72 /* LaunchScreen.storyboard */,
				DAA9052A1F7E134000994E72 /* Info.plist */,
				DAA905301F7E136F00994E72 /* JoTagView.swift */,
			);
			path = JoTagView;
			sourceTree = "<group>";
		};
/* End PBXGroup section */

/* Begin PBXNativeTarget section */
		DAA9051A1F7E133F00994E72 /* JoTagView */ = {
			isa = PBXNativeTarget;
			buildConfigurationList = DAA9052D1F7E134000994E72 /* Build configuration list for PBXNativeTarget "JoTagView" */;
			buildPhases = (
				DAA905171F7E133F00994E72 /* Sources */,
				DAA905181F7E133F00994E72 /* Frameworks */,
				DAA905191F7E133F00994E72 /* Resources */,
			);
			buildRules = (
			);
			dependencies = (
			);
			name = JoTagView;
			productName = JoTagView;
			productReference = DAA9051B1F7E133F00994E72 /* JoTagView.app */;
			productType = "com.apple.product-type.application";
		};
/* End PBXNativeTarget section */

/* Begin PBXProject section */
		DAA905131F7E133F00994E72 /* Project object */ = {
			isa = PBXProject;
			attributes = {
				CLASSPREFIX = Jo;
				LastSwiftUpdateCheck = 0900;
				LastUpgradeCheck = 0900;
				ORGANIZATIONNAME = "Centling Technologies Co., Ltd.";
				TargetAttributes = {
					DAA9051A1F7E133F00994E72 = {
						CreatedOnToolsVersion = 9.0;
						ProvisioningStyle = Automatic;
					};
				};
			};
			buildConfigurationList = DAA905161F7E133F00994E72 /* Build configuration list for PBXProject "JoTagView" */;
			compatibilityVersion = "Xcode 8.0";
			developmentRegion = en;
			hasScannedForEncodings = 0;
			knownRegions = (
				en,
				Base,
			);
			mainGroup = DAA905121F7E133F00994E72;
			productRefGroup = DAA9051C1F7E133F00994E72 /* Products */;
			projectDirPath = "";
			projectRoot = "";
			targets = (
				DAA9051A1F7E133F00994E72 /* JoTagView */,
			);
		};
/* End PBXProject section */

/* Begin PBXResourcesBuildPhase section */
		DAA905191F7E133F00994E72 /* Resources */ = {
			isa = PBXResourcesBuildPhase;
			buildActionMask = 2147483647;
			files = (
				DAA905291F7E134000994E72 /* LaunchScreen.storyboard in Resources */,
				DAA905261F7E134000994E72 /* Assets.xcassets in Resources */,
				DAA905241F7E133F00994E72 /* Main.storyboard in Resources */,
			);
			runOnlyForDeploymentPostprocessing = 0;
		};
/* End PBXResourcesBuildPhase section */

/* Begin PBXSourcesBuildPhase section */
		DAA905171F7E133F00994E72 /* Sources */ = {
			isa = PBXSourcesBuildPhase;
			buildActionMask = 2147483647;
			files = (
				DAA905211F7E133F00994E72 /* ViewController.swift in Sources */,
				DAA905311F7E136F00994E72 /* JoTagView.swift in Sources */,
				DAA9051F1F7E133F00994E72 /* AppDelegate.swift in Sources */,
			);
			runOnlyForDeploymentPostprocessing = 0;
		};
/* End PBXSourcesBuildPhase section */

/* Begin PBXVariantGroup section */
		DAA905221F7E133F00994E72 /* Main.storyboard */ = {
			isa = PBXVariantGroup;
			children = (
				DAA905231F7E133F00994E72 /* Base */,
			);
			name = Main.storyboard;
			sourceTree = "<group>";
		};
		DAA905271F7E134000994E72 /* LaunchScreen.storyboard */ = {
			isa = PBXVariantGroup;
			children = (
				DAA905281F7E134000994E72 /* Base */,
			);
			name = LaunchScreen.storyboard;
			sourceTree = "<group>";
		};
/* End PBXVariantGroup section */

/* Begin XCBuildConfiguration section */
		DAA9052B1F7E134000994E72 /* Debug */ = {
			isa = XCBuildConfiguration;
			buildSettings = {
				ALWAYS_SEARCH_USER_PATHS = NO;
				CLANG_ANALYZER_NONNULL = YES;
				CLANG_ANALYZER_NUMBER_OBJECT_CONVERSION = YES_AGGRESSIVE;
				CLANG_CXX_LANGUAGE_STANDARD = "gnu++14";
				CLANG_CXX_LIBRARY = "libc++";
				CLANG_ENABLE_MODULES = YES;
				CLANG_ENABLE_OBJC_ARC = YES;
				CLANG_WARN_BLOCK_CAPTURE_AUTORELEASING = YES;
				CLANG_WARN_BOOL_CONVERSION = YES;
				CLANG_WARN_COMMA = YES;
				CLANG_WARN_CONSTANT_CONVERSION = YES;
				CLANG_WARN_DIRECT_OBJC_ISA_USAGE = YES_ERROR;
				CLANG_WARN_DOCUMENTATION_COMMENTS = YES;
				CLANG_WARN_EMPTY_BODY = YES;
				CLANG_WARN_ENUM_CONVERSION = YES;
				CLANG_WARN_INFINITE_RECURSION = YES;
				CLANG_WARN_INT_CONVERSION = YES;
				CLANG_WARN_NON_LITERAL_NULL_CONVERSION = YES;
				CLANG_WARN_OBJC_LITERAL_CONVERSION = YES;
				CLANG_WARN_OBJC_ROOT_CLASS = YES_ERROR;
				CLANG_WARN_RANGE_LOOP_ANALYSIS = YES;
				CLANG_WARN_STRICT_PROTOTYPES = YES;
				CLANG_WARN_SUSPICIOUS_MOVE = YES;
				CLANG_WARN_UNGUARDED_AVAILABILITY = YES_AGGRESSIVE;
				CLANG_WARN_UNREACHABLE_CODE = YES;
				CLANG_WARN__DUPLICATE_METHOD_MATCH = YES;
				CODE_SIGN_IDENTITY = "iPhone Developer";
				COPY_PHASE_STRIP = NO;
				DEBUG_INFORMATION_FORMAT = dwarf;
				ENABLE_STRICT_OBJC_MSGSEND = YES;
				ENABLE_TESTABILITY = YES;
				GCC_C_LANGUAGE_STANDARD = gnu11;
				GCC_DYNAMIC_NO_PIC = NO;
				GCC_NO_COMMON_BLOCKS = YES;
				GCC_OPTIMIZATION_LEVEL = 0;
				GCC_PREPROCESSOR_DEFINITIONS = (
					"DEBUG=1",
					"$(inherited)",
				);
				GCC_WARN_64_TO_32_BIT_CONVERSION = YES;
				GCC_WARN_ABOUT_RETURN_TYPE = YES_ERROR;
				GCC_WARN_UNDECLARED_SELECTOR = YES;
				GCC_WARN_UNINITIALIZED_AUTOS = YES_AGGRESSIVE;
				GCC_WARN_UNUSED_FUNCTION = YES;
				GCC_WARN_UNUSED_VARIABLE = YES;
				IPHONEOS_DEPLOYMENT_TARGET = 11.0;
				MTL_ENABLE_DEBUG_INFO = YES;
				ONLY_ACTIVE_ARCH = YES;
				SDKROOT = iphoneos;
				SWIFT_ACTIVE_COMPILATION_CONDITIONS = DEBUG;
				SWIFT_OPTIMIZATION_LEVEL = "-Onone";
			};
			name = Debug;
		};
		DAA9052C1F7E134000994E72 /* Release */ = {
			isa = XCBuildConfiguration;
			buildSettings = {
				ALWAYS_SEARCH_USER_PATHS = NO;
				CLANG_ANALYZER_NONNULL = YES;
				CLANG_ANALYZER_NUMBER_OBJECT_CONVERSION = YES_AGGRESSIVE;
				CLANG_CXX_LANGUAGE_STANDARD = "gnu++14";
				CLANG_CXX_LIBRARY = "libc++";
				CLANG_ENABLE_MODULES = YES;
				CLANG_ENABLE_OBJC_ARC = YES;
				CLANG_WARN_BLOCK_CAPTURE_AUTORELEASING = YES;
				CLANG_WARN_BOOL_CONVERSION = YES;
				CLANG_WARN_COMMA = YES;
				CLANG_WARN_CONSTANT_CONVERSION = YES;
				CLANG_WARN_DIRECT_OBJC_ISA_USAGE = YES_ERROR;
				CLANG_WARN_DOCUMENTATION_COMMENTS = YES;
				CLANG_WARN_EMPTY_BODY = YES;
				CLANG_WARN_ENUM_CONVERSION = YES;
				CLANG_WARN_INFINITE_RECURSION = YES;
				CLANG_WARN_INT_CONVERSION = YES;
				CLANG_WARN_NON_LITERAL_NULL_CONVERSION = YES;
				CLANG_WARN_OBJC_LITERAL_CONVERSION = YES;
				CLANG_WARN_OBJC_ROOT_CLASS = YES_ERROR;
				CLANG_WARN_RANGE_LOOP_ANALYSIS = YES;
				CLANG_WARN_STRICT_PROTOTYPES = YES;
				CLANG_WARN_SUSPICIOUS_MOVE = YES;
				CLANG_WARN_UNGUARDED_AVAILABILITY = YES_AGGRESSIVE;
				CLANG_WARN_UNREACHABLE_CODE = YES;
				CLANG_WARN__DUPLICATE_METHOD_MATCH = YES;
				CODE_SIGN_IDENTITY = "iPhone Developer";
				COPY_PHASE_STRIP = NO;
				DEBUG_INFORMATION_FORMAT = "dwarf-with-dsym";
				ENABLE_NS_ASSERTIONS = NO;
				ENABLE_STRICT_OBJC_MSGSEND = YES;
				GCC_C_LANGUAGE_STANDARD = gnu11;
				GCC_NO_COMMON_BLOCKS = YES;
				GCC_WARN_64_TO_32_BIT_CONVERSION = YES;
				GCC_WARN_ABOUT_RETURN_TYPE = YES_ERROR;
				GCC_WARN_UNDECLARED_SELECTOR = YES;
				GCC_WARN_UNINITIALIZED_AUTOS = YES_AGGRESSIVE;
				GCC_WARN_UNUSED_FUNCTION = YES;
				GCC_WARN_UNUSED_VARIABLE = YES;
				IPHONEOS_DEPLOYMENT_TARGET = 11.0;
				MTL_ENABLE_DEBUG_INFO = NO;
				SDKROOT = iphoneos;
				SWIFT_OPTIMIZATION_LEVEL = "-Owholemodule";
				VALIDATE_PRODUCT = YES;
			};
			name = Release;
		};
		DAA9052E1F7E134000994E72 /* Debug */ = {
			isa = XCBuildConfiguration;
			buildSettings = {
				ASSETCATALOG_COMPILER_APPICON_NAME = AppIcon;
				CODE_SIGN_STYLE = Automatic;
				DEVELOPMENT_TEAM = 989C79EYK5;
				INFOPLIST_FILE = JoTagView/Info.plist;
				LD_RUNPATH_SEARCH_PATHS = "$(inherited) @executable_path/Frameworks";
				PRODUCT_BUNDLE_IDENTIFIER = com.centling.JoTagView;
				PRODUCT_NAME = "$(TARGET_NAME)";
				SWIFT_VERSION = 4.0;
				TARGETED_DEVICE_FAMILY = "1,2";
			};
			name = Debug;
		};
		DAA9052F1F7E134000994E72 /* Release */ = {
			isa = XCBuildConfiguration;
			buildSettings = {
				ASSETCATALOG_COMPILER_APPICON_NAME = AppIcon;
				CODE_SIGN_STYLE = Automatic;
				DEVELOPMENT_TEAM = 989C79EYK5;
				INFOPLIST_FILE = JoTagView/Info.plist;
				LD_RUNPATH_SEARCH_PATHS = "$(inherited) @executable_path/Frameworks";
				PRODUCT_BUNDLE_IDENTIFIER = com.centling.JoTagView;
				PRODUCT_NAME = "$(TARGET_NAME)";
				SWIFT_VERSION = 4.0;
				TARGETED_DEVICE_FAMILY = "1,2";
			};
			name = Release;
		};
/* End XCBuildConfiguration section */

/* Begin XCConfigurationList section */
		DAA905161F7E133F00994E72 /* Build configuration list for PBXProject "JoTagView" */ = {
			isa = XCConfigurationList;
			buildConfigurations = (
				DAA9052B1F7E134000994E72 /* Debug */,
				DAA9052C1F7E134000994E72 /* Release */,
			);
			defaultConfigurationIsVisible = 0;
			defaultConfigurationName = Release;
		};
		DAA9052D1F7E134000994E72 /* Build configuration list for PBXNativeTarget "JoTagView" */ = {
			isa = XCConfigurationList;
			buildConfigurations = (
				DAA9052E1F7E134000994E72 /* Debug */,
				DAA9052F1F7E134000994E72 /* Release */,
			);
			defaultConfigurationIsVisible = 0;
			defaultConfigurationName = Release;
		};
/* End XCConfigurationList section */
	};
	rootObject = DAA905131F7E133F00994E72 /* Project object */;
}
